
Microsoft Visual Studio Solution File, Format Version 12.00
# Visual Studio Version 16
VisualStudioVersion = 16.0.31702.278
MinimumVisualStudioVersion = 10.0.40219.1
Project("{FAE04EC0-301F-11D3-BF4B-00C04F79EFBC}") = "briscola_chiamata", "briscola_chiamata\briscola_chiamata.csproj", "{9EB00F13-50E6-4E7B-A40F-BCB1207AC9CB}"
EndProject
Global
	GlobalSection(SolutionConfigurationPlatforms) = preSolution
		Debug|Any CPU = Debug|Any CPU
		Release|Any CPU = Release|Any CPU
	EndGlobalSection
	GlobalSection(ProjectConfigurationPlatforms) = postSolution
		{9EB00F13-50E6-4E7B-A40F-BCB1207AC9CB}.Debug|Any CPU.ActiveCfg = Debug|Any CPU
		{9EB00F13-50E6-4E7B-A40F-BCB1207AC9CB}.Debug|Any CPU.Build.0 = Debug|Any CPU
		{9EB00F13-50E6-4E7B-A40F-BCB1207AC9CB}.Release|Any CPU.ActiveCfg = Release|Any CPU
		{9EB00F13-50E6-4E7B-A40F-BCB1207AC9CB}.Release|Any CPU.Build.0 = Release|Any CPU
	EndGlobalSection
	GlobalSection(SolutionProperties) = preSolution
		HideSolutionNode = FALSE
	EndGlobalSection
	GlobalSection(ExtensibilityGlobals) = postSolution
		SolutionGuid = {3430B07E-6A97-4F5D-96F2-7E2F1DD1B2B5}
	EndGlobalSection
EndGlobal
